
Microsoft Visual Studio Solution File, Format Version 12.00
# Visual Studio Version 16
VisualStudioVersion = 16.0.30907.101
MinimumVisualStudioVersion = 10.0.40219.1
Project("{8BC9CEB8-8B4A-11D0-8D11-00A0C91BC942}") = "TSPGA", "TSPGA\TSPGA.vcxproj", "{121DC449-52F1-46DA-99CB-1B4FBE27483B}"
EndProject
Project("{8BC9CEB8-8B4A-11D0-8D11-00A0C91BC942}") = "TSPSA", "TSPSA\TSPSA.vcxproj", "{8322FD16-8B44-4B79-AD20-1C97967719A7}"
EndProject
Global
	GlobalSection(SolutionConfigurationPlatforms) = preSolution
		Debug|x64 = Debug|x64
		Debug|x86 = Debug|x86
		Release|x64 = Release|x64
		Release|x86 = Release|x86
	EndGlobalSection
	GlobalSection(ProjectConfigurationPlatforms) = postSolution
		{121DC449-52F1-46DA-99CB-1B4FBE27483B}.Debug|x64.ActiveCfg = Debug|x64
		{121DC449-52F1-46DA-99CB-1B4FBE27483B}.Debug|x64.Build.0 = Debug|x64
		{121DC449-52F1-46DA-99CB-1B4FBE27483B}.Debug|x86.ActiveCfg = Debug|Win32
		{121DC449-52F1-46DA-99CB-1B4FBE27483B}.Debug|x86.Build.0 = Debug|Win32
		{121DC449-52F1-46DA-99CB-1B4FBE27483B}.Release|x64.ActiveCfg = Release|x64
		{121DC449-52F1-46DA-99CB-1B4FBE27483B}.Release|x64.Build.0 = Release|x64
		{121DC449-52F1-46DA-99CB-1B4FBE27483B}.Release|x86.ActiveCfg = Release|Win32
		{121DC449-52F1-46DA-99CB-1B4FBE27483B}.Release|x86.Build.0 = Release|Win32
		{8322FD16-8B44-4B79-AD20-1C97967719A7}.Debug|x64.ActiveCfg = Debug|x64
		{8322FD16-8B44-4B79-AD20-1C97967719A7}.Debug|x64.Build.0 = Debug|x64
		{8322FD16-8B44-4B79-AD20-1C97967719A7}.Debug|x86.ActiveCfg = Debug|Win32
		{8322FD16-8B44-4B79-AD20-1C97967719A7}.Debug|x86.Build.0 = Debug|Win32
		{8322FD16-8B44-4B79-AD20-1C97967719A7}.Release|x64.ActiveCfg = Release|x64
		{8322FD16-8B44-4B79-AD20-1C97967719A7}.Release|x64.Build.0 = Release|x64
		{8322FD16-8B44-4B79-AD20-1C97967719A7}.Release|x86.ActiveCfg = Release|Win32
		{8322FD16-8B44-4B79-AD20-1C97967719A7}.Release|x86.Build.0 = Release|Win32
	EndGlobalSection
	GlobalSection(SolutionProperties) = preSolution
		HideSolutionNode = FALSE
	EndGlobalSection
	GlobalSection(ExtensibilityGlobals) = postSolution
		SolutionGuid = {98563321-8F65-426C-8415-B4062E63E828}
	EndGlobalSection
EndGlobal
